
Microsoft Visual Studio Solution File, Format Version 12.00
# Visual Studio Version 17
VisualStudioVersion = 17.8.34330.188
MinimumVisualStudioVersion = 10.0.40219.1
Project("{9A19103F-16F7-4668-BE54-9A1E7A4F7556}") = "Api", "Api.csproj", "{CF148DA9-DEA6-4515-918A-FAE7AD8553E4}"
EndProject
Project("{FAE04EC0-301F-11D3-BF4B-00C04F79EFBC}") = "Tests", "..\Tests\Tests.csproj", "{262EC30E-2E17-4A56-A110-F2D5B83C406A}"
EndProject
Global
	GlobalSection(SolutionConfigurationPlatforms) = preSolution
		Debug|Any CPU = Debug|Any CPU
		Release|Any CPU = Release|Any CPU
	EndGlobalSection
	GlobalSection(ProjectConfigurationPlatforms) = postSolution
		{CF148DA9-DEA6-4515-918A-FAE7AD8553E4}.Debug|Any CPU.ActiveCfg = Debug|Any CPU
		{CF148DA9-DEA6-4515-918A-FAE7AD8553E4}.Debug|Any CPU.Build.0 = Debug|Any CPU
		{CF148DA9-DEA6-4515-918A-FAE7AD8553E4}.Release|Any CPU.ActiveCfg = Release|Any CPU
		{CF148DA9-DEA6-4515-918A-FAE7AD8553E4}.Release|Any CPU.Build.0 = Release|Any CPU
		{262EC30E-2E17-4A56-A110-F2D5B83C406A}.Debug|Any CPU.ActiveCfg = Debug|Any CPU
		{262EC30E-2E17-4A56-A110-F2D5B83C406A}.Debug|Any CPU.Build.0 = Debug|Any CPU
		{262EC30E-2E17-4A56-A110-F2D5B83C406A}.Release|Any CPU.ActiveCfg = Release|Any CPU
		{262EC30E-2E17-4A56-A110-F2D5B83C406A}.Release|Any CPU.Build.0 = Release|Any CPU
	EndGlobalSection
	GlobalSection(SolutionProperties) = preSolution
		HideSolutionNode = FALSE
	EndGlobalSection
	GlobalSection(ExtensibilityGlobals) = postSolution
		SolutionGuid = {36E807E3-6DC6-4F33-A26B-9BE3459D7D5E}
	EndGlobalSection
EndGlobal
